{
  "name": "xkc-pic-mag",
  "vsersion": "1.0.0",
  "description": "A picture magnifier component for Vue",
  "main": "index.js",
  "author": "xku_martin",
  "requires": true,
  "keywords": [
    "eleme",
    "vue",
    "components"
  ],
  "license": "MIT",
  "lockfileVersion": 1,
  "dependencies": {
    "vue": {
      "version": "2.6.12",
      "resolved": "https://registry.npmjs.org/vue/-/vue-2.6.12.tgz",
      "integrity": "sha512-uhmLFETqPPNyuLLbsKz6ioJ4q7AZHzD8ZVFNATNyICSZouqP2Sz0rotWQC8UNBF6VGSCs5abnKJoStA6JbCbfg=="
    }
  }
}
